
Microsoft Visual Studio Solution File, Format Version 12.00
# Visual Studio Version 16
VisualStudioVersion = 16.0.30503.244
MinimumVisualStudioVersion = 10.0.40219.1
Project("{9A19103F-16F7-4668-BE54-9A1E7A4F7556}") = "Runner", "Runner\Runner.csproj", "{983EC4E2-E9BF-4155-B087-A23C23B02F50}"
EndProject
Project("{9A19103F-16F7-4668-BE54-9A1E7A4F7556}") = "SumOfMultiple", "SumOfMultiple\SumOfMultiple.csproj", "{7E35663F-9BF8-4A53-A91B-BABF88C7027C}"
EndProject
Project("{9A19103F-16F7-4668-BE54-9A1E7A4F7556}") = "ProblemBase", "ProblemBase\ProblemBase.csproj", "{5827A744-13E8-4405-B7DE-05635A053A5C}"
EndProject
Project("{9A19103F-16F7-4668-BE54-9A1E7A4F7556}") = "SequenceAnalysis", "SequenceAnalysis\SequenceAnalysis.csproj", "{28CA05FF-9C52-45D0-99E5-406D807BB11E}"
EndProject
Project("{9A19103F-16F7-4668-BE54-9A1E7A4F7556}") = "SequenceAnalysisTests", "SequenceAnalysisTests\SequenceAnalysisTests.csproj", "{77F239C9-5D1E-4461-91CD-8D1F34A753C6}"
EndProject
Project("{FAE04EC0-301F-11D3-BF4B-00C04F79EFBC}") = "SumOfMultipleTests", "SumOfMultipleTests\SumOfMultipleTests.csproj", "{7915CF9A-C0A7-4FBA-9D30-9B3EA2AAAEAC}"
EndProject
Global
	GlobalSection(SolutionConfigurationPlatforms) = preSolution
		Debug|Any CPU = Debug|Any CPU
		Release|Any CPU = Release|Any CPU
	EndGlobalSection
	GlobalSection(ProjectConfigurationPlatforms) = postSolution
		{983EC4E2-E9BF-4155-B087-A23C23B02F50}.Debug|Any CPU.ActiveCfg = Debug|Any CPU
		{983EC4E2-E9BF-4155-B087-A23C23B02F50}.Debug|Any CPU.Build.0 = Debug|Any CPU
		{983EC4E2-E9BF-4155-B087-A23C23B02F50}.Release|Any CPU.ActiveCfg = Release|Any CPU
		{983EC4E2-E9BF-4155-B087-A23C23B02F50}.Release|Any CPU.Build.0 = Release|Any CPU
		{7E35663F-9BF8-4A53-A91B-BABF88C7027C}.Debug|Any CPU.ActiveCfg = Debug|Any CPU
		{7E35663F-9BF8-4A53-A91B-BABF88C7027C}.Debug|Any CPU.Build.0 = Debug|Any CPU
		{7E35663F-9BF8-4A53-A91B-BABF88C7027C}.Release|Any CPU.ActiveCfg = Release|Any CPU
		{7E35663F-9BF8-4A53-A91B-BABF88C7027C}.Release|Any CPU.Build.0 = Release|Any CPU
		{5827A744-13E8-4405-B7DE-05635A053A5C}.Debug|Any CPU.ActiveCfg = Debug|Any CPU
		{5827A744-13E8-4405-B7DE-05635A053A5C}.Debug|Any CPU.Build.0 = Debug|Any CPU
		{5827A744-13E8-4405-B7DE-05635A053A5C}.Release|Any CPU.ActiveCfg = Release|Any CPU
		{5827A744-13E8-4405-B7DE-05635A053A5C}.Release|Any CPU.Build.0 = Release|Any CPU
		{28CA05FF-9C52-45D0-99E5-406D807BB11E}.Debug|Any CPU.ActiveCfg = Debug|Any CPU
		{28CA05FF-9C52-45D0-99E5-406D807BB11E}.Debug|Any CPU.Build.0 = Debug|Any CPU
		{28CA05FF-9C52-45D0-99E5-406D807BB11E}.Release|Any CPU.ActiveCfg = Release|Any CPU
		{28CA05FF-9C52-45D0-99E5-406D807BB11E}.Release|Any CPU.Build.0 = Release|Any CPU
		{77F239C9-5D1E-4461-91CD-8D1F34A753C6}.Debug|Any CPU.ActiveCfg = Debug|Any CPU
		{77F239C9-5D1E-4461-91CD-8D1F34A753C6}.Debug|Any CPU.Build.0 = Debug|Any CPU
		{77F239C9-5D1E-4461-91CD-8D1F34A753C6}.Release|Any CPU.ActiveCfg = Release|Any CPU
		{77F239C9-5D1E-4461-91CD-8D1F34A753C6}.Release|Any CPU.Build.0 = Release|Any CPU
		{7915CF9A-C0A7-4FBA-9D30-9B3EA2AAAEAC}.Debug|Any CPU.ActiveCfg = Debug|Any CPU
		{7915CF9A-C0A7-4FBA-9D30-9B3EA2AAAEAC}.Debug|Any CPU.Build.0 = Debug|Any CPU
		{7915CF9A-C0A7-4FBA-9D30-9B3EA2AAAEAC}.Release|Any CPU.ActiveCfg = Release|Any CPU
		{7915CF9A-C0A7-4FBA-9D30-9B3EA2AAAEAC}.Release|Any CPU.Build.0 = Release|Any CPU
	EndGlobalSection
	GlobalSection(SolutionProperties) = preSolution
		HideSolutionNode = FALSE
	EndGlobalSection
	GlobalSection(ExtensibilityGlobals) = postSolution
		SolutionGuid = {FF8EF53F-FBBB-495B-8A6A-AE1B282DDB33}
	EndGlobalSection
EndGlobal
